
Microsoft Visual Studio Solution File, Format Version 12.00
# Visual Studio 15
VisualStudioVersion = 15.0.28307.572
MinimumVisualStudioVersion = 10.0.40219.1
Project("{9A19103F-16F7-4668-BE54-9A1E7A4F7556}") = "Logistics.AppServices", "Logistics.AppServices\Logistics.AppServices.csproj", "{C560A69F-51B4-45E3-9941-0BFE594F79C6}"
EndProject
Project("{9A19103F-16F7-4668-BE54-9A1E7A4F7556}") = "Logistics.EF.Core", "Logistics.EF.Core\Logistics.EF.Core.csproj", "{7F778D36-BE68-4AF3-8EBF-6E3054ABE24B}"
EndProject
Project("{FAE04EC0-301F-11D3-BF4B-00C04F79EFBC}") = "Logistics.WebApi", "Logistics.WebApi\Logistics.WebApi.csproj", "{6491E083-7215-4B4C-9548-DBC722892A7D}"
EndProject
Global
	GlobalSection(SolutionConfigurationPlatforms) = preSolution
		Debug|Any CPU = Debug|Any CPU
		Release|Any CPU = Release|Any CPU
	EndGlobalSection
	GlobalSection(ProjectConfigurationPlatforms) = postSolution
		{C560A69F-51B4-45E3-9941-0BFE594F79C6}.Debug|Any CPU.ActiveCfg = Debug|Any CPU
		{C560A69F-51B4-45E3-9941-0BFE594F79C6}.Debug|Any CPU.Build.0 = Debug|Any CPU
		{C560A69F-51B4-45E3-9941-0BFE594F79C6}.Release|Any CPU.ActiveCfg = Release|Any CPU
		{C560A69F-51B4-45E3-9941-0BFE594F79C6}.Release|Any CPU.Build.0 = Release|Any CPU
		{7F778D36-BE68-4AF3-8EBF-6E3054ABE24B}.Debug|Any CPU.ActiveCfg = Debug|Any CPU
		{7F778D36-BE68-4AF3-8EBF-6E3054ABE24B}.Debug|Any CPU.Build.0 = Debug|Any CPU
		{7F778D36-BE68-4AF3-8EBF-6E3054ABE24B}.Release|Any CPU.ActiveCfg = Release|Any CPU
		{7F778D36-BE68-4AF3-8EBF-6E3054ABE24B}.Release|Any CPU.Build.0 = Release|Any CPU
		{6491E083-7215-4B4C-9548-DBC722892A7D}.Debug|Any CPU.ActiveCfg = Debug|Any CPU
		{6491E083-7215-4B4C-9548-DBC722892A7D}.Debug|Any CPU.Build.0 = Debug|Any CPU
		{6491E083-7215-4B4C-9548-DBC722892A7D}.Release|Any CPU.ActiveCfg = Release|Any CPU
		{6491E083-7215-4B4C-9548-DBC722892A7D}.Release|Any CPU.Build.0 = Release|Any CPU
	EndGlobalSection
	GlobalSection(SolutionProperties) = preSolution
		HideSolutionNode = FALSE
	EndGlobalSection
	GlobalSection(ExtensibilityGlobals) = postSolution
		SolutionGuid = {C8ED14CF-CA72-448F-BEDE-C86E712E097C}
	EndGlobalSection
EndGlobal
